{
  "requires": true,
  "lockfileVersion": 1,
  "dependencies": {
    "@iconify/icons-bi": {
      "version": "1.0.3",
      "resolved": "https://registry.npmjs.org/@iconify/icons-bi/-/icons-bi-1.0.3.tgz",
      "integrity": "sha512-3RE5QOaY7yDCv+5xUZ9fhPjvsGLPBhv5baFF+fqgJGPs9v/fJwCHDQ57zd103ChrP98eR43EeS8T8drnjRvZXQ=="
    }
  }
}
